
Microsoft Visual Studio Solution File, Format Version 12.00
# Visual Studio 14
VisualStudioVersion = 14.0.25123.0
MinimumVisualStudioVersion = 10.0.40219.1
Project("{2150E333-8FDC-42A3-9474-1A3956D46DE8}") = "Abp", "Abp", "{AB94139F-9DEC-40F8-AB18-AA0F80CEC989}"
EndProject
Project("{FAE04EC0-301F-11D3-BF4B-00C04F79EFBC}") = "Abp", "Abp\Abp.csproj", "{2C221D3B-5F54-4C5B-8082-318636415132}"
EndProject
Project("{FAE04EC0-301F-11D3-BF4B-00C04F79EFBC}") = "Abp.AutoMapper", "Abp.AutoMapper\Abp.AutoMapper.csproj", "{06EB5F7C-B974-4775-A305-F175D645F7C9}"
EndProject
Project("{FAE04EC0-301F-11D3-BF4B-00C04F79EFBC}") = "Abp.EntityFramework", "Abp.EntityFramework\Abp.EntityFramework.csproj", "{948F0CAF-3382-4E03-9A0F-0DDB206FE40D}"
EndProject
Project("{FAE04EC0-301F-11D3-BF4B-00C04F79EFBC}") = "Abp.FluentMigrator", "Abp.FluentMigrator\Abp.FluentMigrator.csproj", "{908717CC-C284-4C88-A13C-32B62674845D}"
EndProject
Project("{FAE04EC0-301F-11D3-BF4B-00C04F79EFBC}") = "Abp.HangFire", "Abp.HangFire\Abp.HangFire.csproj", "{58A5158C-C78B-4451-BFD8-FFC31D48D713}"
EndProject
Project("{FAE04EC0-301F-11D3-BF4B-00C04F79EFBC}") = "Abp.MemoryDb", "Abp.MemoryDb\Abp.MemoryDb.csproj", "{4DF45D0E-A50F-4FD0-8B4D-2548B256994F}"
EndProject
Project("{FAE04EC0-301F-11D3-BF4B-00C04F79EFBC}") = "Abp.MongoDB", "Abp.MongoDB\Abp.MongoDB.csproj", "{B71E5928-F956-480C-B6FF-18B65C013A59}"
EndProject
Project("{FAE04EC0-301F-11D3-BF4B-00C04F79EFBC}") = "Abp.NHibernate", "Abp.NHibernate\Abp.NHibernate.csproj", "{47853DCA-C058-42F4-B020-E9AC659C9204}"
EndProject
Project("{FAE04EC0-301F-11D3-BF4B-00C04F79EFBC}") = "Abp.Owin", "Abp.Owin\Abp.Owin.csproj", "{5D471C86-838F-4BDC-AF9F-C95E8FA4E977}"
EndProject
Project("{FAE04EC0-301F-11D3-BF4B-00C04F79EFBC}") = "Abp.RedisCache", "Abp.RedisCache\Abp.RedisCache.csproj", "{F4A8466E-4E68-4D6F-81D4-7F0892B9B5E0}"
EndProject
Project("{FAE04EC0-301F-11D3-BF4B-00C04F79EFBC}") = "Abp.Web", "Abp.Web\Abp.Web.csproj", "{D37C09D8-2F18-4F0B-A4D3-7A12C124E070}"
EndProject
Project("{FAE04EC0-301F-11D3-BF4B-00C04F79EFBC}") = "Abp.Web.Api", "Abp.Web.Api\Abp.Web.Api.csproj", "{71962F97-5E4B-465C-9A21-2153D31992CF}"
EndProject
Project("{FAE04EC0-301F-11D3-BF4B-00C04F79EFBC}") = "Abp.Web.Api.OData", "Abp.Web.Api.OData\Abp.Web.Api.OData.csproj", "{99E64448-0F7C-4E5B-9373-289EC4B2F256}"
EndProject
Project("{FAE04EC0-301F-11D3-BF4B-00C04F79EFBC}") = "Abp.Web.Mvc", "Abp.Web.Mvc\Abp.Web.Mvc.csproj", "{78FC0C9B-C5A9-4900-9A46-A8F544AC5343}"
EndProject
Project("{FAE04EC0-301F-11D3-BF4B-00C04F79EFBC}") = "Abp.Web.Resources", "Abp.Web.Resources\Abp.Web.Resources.csproj", "{9003DDA9-1DD5-41A1-B907-6F378767C441}"
EndProject
Project("{FAE04EC0-301F-11D3-BF4B-00C04F79EFBC}") = "Abp.Web.SignalR", "Abp.Web.SignalR\Abp.Web.SignalR.csproj", "{613D9120-C28D-4898-ACAA-1A3CFCF0DDD1}"
EndProject
Project("{FAE04EC0-301F-11D3-BF4B-00C04F79EFBC}") = "Abp.TestBase", "TestBase\Abp.TestBase\Abp.TestBase.csproj", "{F554B0EF-ACF4-4F72-B711-EF36559DCE43}"
EndProject
Project("{2150E333-8FDC-42A3-9474-1A3956D46DE8}") = "TestBase", "TestBase", "{24262FD5-F172-4927-A55B-BDDEBAFB41ED}"
EndProject
Project("{2150E333-8FDC-42A3-9474-1A3956D46DE8}") = "Test", "Test", "{91D086A8-C99D-4A0A-AD83-8B2B15169340}"
EndProject
Project("{FAE04EC0-301F-11D3-BF4B-00C04F79EFBC}") = "Abp.TestBase.SampleApplication", "TestBase\Tests\Abp.TestBase.SampleApplication\Abp.TestBase.SampleApplication.csproj", "{81D64020-5E36-4344-ACEC-9B218B5246D0}"
EndProject
Project("{FAE04EC0-301F-11D3-BF4B-00C04F79EFBC}") = "Abp.TestBase.SampleApplication.Tests", "TestBase\Tests\Abp.TestBase.SampleApplication.Tests\Abp.TestBase.SampleApplication.Tests.csproj", "{A9C87FBF-8C8A-4ABD-A0A8-5F79A9DA6A49}"
EndProject
Project("{FAE04EC0-301F-11D3-BF4B-00C04F79EFBC}") = "Abp.TestBase.Tests", "TestBase\Tests\Abp.TestBase.Tests\Abp.TestBase.Tests.csproj", "{040FAC4B-7320-4C94-9555-E82FA13DD921}"
EndProject
Project("{2150E333-8FDC-42A3-9474-1A3956D46DE8}") = "Zero", "Zero", "{EDFEA387-F5F2-4174-89FC-4B849C0915D8}"
EndProject
Project("{FAE04EC0-301F-11D3-BF4B-00C04F79EFBC}") = "Abp.Zero", "Abp.Zero\Abp.Zero.csproj", "{70D916F2-9BFF-43DA-B3F7-3E0655114D48}"
EndProject
Project("{FAE04EC0-301F-11D3-BF4B-00C04F79EFBC}") = "Abp.Zero.EntityFramework", "Abp.Zero.EntityFramework\Abp.Zero.EntityFramework.csproj", "{B728E703-345B-4553-A8B0-B28BB6738688}"
EndProject
Project("{FAE04EC0-301F-11D3-BF4B-00C04F79EFBC}") = "Abp.Zero.Ldap", "Abp.Zero.Ldap\Abp.Zero.Ldap.csproj", "{587409A2-2470-4CC4-8F81-DB0A2B3E57A5}"
EndProject
Project("{FAE04EC0-301F-11D3-BF4B-00C04F79EFBC}") = "Abp.Zero.NHibernate", "Abp.Zero.NHibernate\Abp.Zero.NHibernate.csproj", "{C43A88EE-1537-40BB-8154-4271E6AAD919}"
EndProject
Project("{2150E333-8FDC-42A3-9474-1A3956D46DE8}") = "Test", "Test", "{663E59E4-52AD-4511-B302-BA411225B0A8}"
EndProject
Project("{FAE04EC0-301F-11D3-BF4B-00C04F79EFBC}") = "Abp.AutoMapper.Tests", "Tests\Abp.AutoMapper.Tests\Abp.AutoMapper.Tests.csproj", "{6C1BB309-3FE8-40A1-A97C-62495CE61AB6}"
EndProject
Project("{FAE04EC0-301F-11D3-BF4B-00C04F79EFBC}") = "Abp.EntityFramework.Tests", "Tests\Abp.EntityFramework.Tests\Abp.EntityFramework.Tests.csproj", "{30F91B61-4BA1-491A-ABE1-B615C1B97E71}"
EndProject
Project("{FAE04EC0-301F-11D3-BF4B-00C04F79EFBC}") = "Abp.MemoryDb.Tests", "Tests\Abp.MemoryDb.Tests\Abp.MemoryDb.Tests.csproj", "{2322DD68-034A-44FD-8065-90030BE25C47}"
EndProject
Project("{FAE04EC0-301F-11D3-BF4B-00C04F79EFBC}") = "Abp.NHibernate.Tests", "Tests\Abp.NHibernate.Tests\Abp.NHibernate.Tests.csproj", "{0CF3083B-364D-42C9-B6F2-552789FB6ED5}"
EndProject
Project("{FAE04EC0-301F-11D3-BF4B-00C04F79EFBC}") = "Abp.RedisCache.Tests", "Tests\Abp.RedisCache.Tests\Abp.RedisCache.Tests.csproj", "{BE5D25B4-66A7-4A29-BA64-3D00A952BE9E}"
EndProject
Project("{FAE04EC0-301F-11D3-BF4B-00C04F79EFBC}") = "Abp.Tests", "Tests\Abp.Tests\Abp.Tests.csproj", "{D1E31E85-0F7E-43BC-91E2-F9E544ECEBD5}"
EndProject
Project("{FAE04EC0-301F-11D3-BF4B-00C04F79EFBC}") = "Abp.Web.Api.Tests", "Tests\Abp.Web.Api.Tests\Abp.Web.Api.Tests.csproj", "{662A3C76-DC6E-425C-B389-23B1040AD2F8}"
EndProject
Project("{FAE04EC0-301F-11D3-BF4B-00C04F79EFBC}") = "Abp.Web.Tests", "Tests\Abp.Web.Tests\Abp.Web.Tests.csproj", "{C3ACA5F7-6A78-497B-AE25-B0B4F20E5AA2}"
EndProject
Project("{FAE04EC0-301F-11D3-BF4B-00C04F79EFBC}") = "Abp.Zero.SampleApp", "Tests\Abp.Zero.SampleApp\Abp.Zero.SampleApp.csproj", "{59AA0119-F76E-433F-B9D1-385F51A13A17}"
EndProject
Project("{FAE04EC0-301F-11D3-BF4B-00C04F79EFBC}") = "Abp.Zero.SampleApp.EntityFramework", "Tests\Abp.Zero.SampleApp.EntityFramework\Abp.Zero.SampleApp.EntityFramework.csproj", "{BB02243D-42E6-4BFE-AC08-7F946DE80F3E}"
EndProject
Project("{FAE04EC0-301F-11D3-BF4B-00C04F79EFBC}") = "Abp.Zero.SampleApp.NHibernateTests", "Tests\Abp.Zero.SampleApp.NHibernateTests\Abp.Zero.SampleApp.NHibernateTests.csproj", "{28D2E425-BA18-4451-9748-86A8FF596414}"
EndProject
Project("{FAE04EC0-301F-11D3-BF4B-00C04F79EFBC}") = "Abp.Zero.SampleApp.Tests", "Tests\Abp.Zero.SampleApp.Tests\Abp.Zero.SampleApp.Tests.csproj", "{3C90D572-EA4E-499C-AF95-407BFA8A36B8}"
EndProject
Project("{2150E333-8FDC-42A3-9474-1A3956D46DE8}") = "Module", "Module", "{F7570DE8-F5F5-4DA0-A0A5-78D811BA3D41}"
EndProject
Project("{FAE04EC0-301F-11D3-BF4B-00C04F79EFBC}") = "MyCompanyName.AbpZeroTemplate.Application", "MyCompanyName.AbpZeroTemplate.Application\MyCompanyName.AbpZeroTemplate.Application.csproj", "{EDF5D964-4C0F-4F19-B674-58A38A5E5401}"
EndProject
Project("{FAE04EC0-301F-11D3-BF4B-00C04F79EFBC}") = "MyCompanyName.AbpZeroTemplate.Core", "MyCompanyName.AbpZeroTemplate.Core\MyCompanyName.AbpZeroTemplate.Core.csproj", "{17298EA0-AF73-4F30-B6F1-2066100D7D74}"
EndProject
Project("{FAE04EC0-301F-11D3-BF4B-00C04F79EFBC}") = "MyCompanyName.AbpZeroTemplate.EntityFramework", "MyCompanyName.AbpZeroTemplate.EntityFramework\MyCompanyName.AbpZeroTemplate.EntityFramework.csproj", "{3979F157-DEB0-4878-AB1D-4CEF6B5A1300}"
EndProject
Project("{FAE04EC0-301F-11D3-BF4B-00C04F79EFBC}") = "MyCompanyName.AbpZeroTemplate.Web", "MyCompanyName.AbpZeroTemplate.Web\MyCompanyName.AbpZeroTemplate.Web.csproj", "{897F6FD8-6F90-48E4-95A5-B4429B896205}"
EndProject
Project("{FAE04EC0-301F-11D3-BF4B-00C04F79EFBC}") = "MyCompanyName.AbpZeroTemplate.WebApi", "MyCompanyName.AbpZeroTemplate.WebApi\MyCompanyName.AbpZeroTemplate.WebApi.csproj", "{5EB52D3D-09FD-463A-B02A-8D9856BD3724}"
EndProject
Project("{FAE04EC0-301F-11D3-BF4B-00C04F79EFBC}") = "MyCompanyName.AbpZeroTemplate.Tests", "Tests\MyCompanyName.AbpZeroTemplate.Tests\MyCompanyName.AbpZeroTemplate.Tests.csproj", "{7F0AE638-2772-445B-B198-6CF9D7E2C8AC}"
EndProject
Global
	GlobalSection(SolutionConfigurationPlatforms) = preSolution
		Debug|Any CPU = Debug|Any CPU
		Release|Any CPU = Release|Any CPU
	EndGlobalSection
	GlobalSection(ProjectConfigurationPlatforms) = postSolution
		{2C221D3B-5F54-4C5B-8082-318636415132}.Debug|Any CPU.ActiveCfg = Debug|Any CPU
		{2C221D3B-5F54-4C5B-8082-318636415132}.Debug|Any CPU.Build.0 = Debug|Any CPU
		{2C221D3B-5F54-4C5B-8082-318636415132}.Release|Any CPU.ActiveCfg = Release|Any CPU
		{2C221D3B-5F54-4C5B-8082-318636415132}.Release|Any CPU.Build.0 = Release|Any CPU
		{06EB5F7C-B974-4775-A305-F175D645F7C9}.Debug|Any CPU.ActiveCfg = Debug|Any CPU
		{06EB5F7C-B974-4775-A305-F175D645F7C9}.Debug|Any CPU.Build.0 = Debug|Any CPU
		{06EB5F7C-B974-4775-A305-F175D645F7C9}.Release|Any CPU.ActiveCfg = Release|Any CPU
		{06EB5F7C-B974-4775-A305-F175D645F7C9}.Release|Any CPU.Build.0 = Release|Any CPU
		{948F0CAF-3382-4E03-9A0F-0DDB206FE40D}.Debug|Any CPU.ActiveCfg = Debug|Any CPU
		{948F0CAF-3382-4E03-9A0F-0DDB206FE40D}.Debug|Any CPU.Build.0 = Debug|Any CPU
		{948F0CAF-3382-4E03-9A0F-0DDB206FE40D}.Release|Any CPU.ActiveCfg = Release|Any CPU
		{948F0CAF-3382-4E03-9A0F-0DDB206FE40D}.Release|Any CPU.Build.0 = Release|Any CPU
		{908717CC-C284-4C88-A13C-32B62674845D}.Debug|Any CPU.ActiveCfg = Debug|Any CPU
		{908717CC-C284-4C88-A13C-32B62674845D}.Debug|Any CPU.Build.0 = Debug|Any CPU
		{908717CC-C284-4C88-A13C-32B62674845D}.Release|Any CPU.ActiveCfg = Release|Any CPU
		{908717CC-C284-4C88-A13C-32B62674845D}.Release|Any CPU.Build.0 = Release|Any CPU
		{58A5158C-C78B-4451-BFD8-FFC31D48D713}.Debug|Any CPU.ActiveCfg = Debug|Any CPU
		{58A5158C-C78B-4451-BFD8-FFC31D48D713}.Debug|Any CPU.Build.0 = Debug|Any CPU
		{58A5158C-C78B-4451-BFD8-FFC31D48D713}.Release|Any CPU.ActiveCfg = Release|Any CPU
		{58A5158C-C78B-4451-BFD8-FFC31D48D713}.Release|Any CPU.Build.0 = Release|Any CPU
		{4DF45D0E-A50F-4FD0-8B4D-2548B256994F}.Debug|Any CPU.ActiveCfg = Debug|Any CPU
		{4DF45D0E-A50F-4FD0-8B4D-2548B256994F}.Debug|Any CPU.Build.0 = Debug|Any CPU
		{4DF45D0E-A50F-4FD0-8B4D-2548B256994F}.Release|Any CPU.ActiveCfg = Release|Any CPU
		{4DF45D0E-A50F-4FD0-8B4D-2548B256994F}.Release|Any CPU.Build.0 = Release|Any CPU
		{B71E5928-F956-480C-B6FF-18B65C013A59}.Debug|Any CPU.ActiveCfg = Debug|Any CPU
		{B71E5928-F956-480C-B6FF-18B65C013A59}.Debug|Any CPU.Build.0 = Debug|Any CPU
		{B71E5928-F956-480C-B6FF-18B65C013A59}.Release|Any CPU.ActiveCfg = Release|Any CPU
		{B71E5928-F956-480C-B6FF-18B65C013A59}.Release|Any CPU.Build.0 = Release|Any CPU
		{47853DCA-C058-42F4-B020-E9AC659C9204}.Debug|Any CPU.ActiveCfg = Debug|Any CPU
		{47853DCA-C058-42F4-B020-E9AC659C9204}.Debug|Any CPU.Build.0 = Debug|Any CPU
		{47853DCA-C058-42F4-B020-E9AC659C9204}.Release|Any CPU.ActiveCfg = Release|Any CPU
		{47853DCA-C058-42F4-B020-E9AC659C9204}.Release|Any CPU.Build.0 = Release|Any CPU
		{5D471C86-838F-4BDC-AF9F-C95E8FA4E977}.Debug|Any CPU.ActiveCfg = Debug|Any CPU
		{5D471C86-838F-4BDC-AF9F-C95E8FA4E977}.Debug|Any CPU.Build.0 = Debug|Any CPU
		{5D471C86-838F-4BDC-AF9F-C95E8FA4E977}.Release|Any CPU.ActiveCfg = Release|Any CPU
		{5D471C86-838F-4BDC-AF9F-C95E8FA4E977}.Release|Any CPU.Build.0 = Release|Any CPU
		{F4A8466E-4E68-4D6F-81D4-7F0892B9B5E0}.Debug|Any CPU.ActiveCfg = Debug|Any CPU
		{F4A8466E-4E68-4D6F-81D4-7F0892B9B5E0}.Debug|Any CPU.Build.0 = Debug|Any CPU
		{F4A8466E-4E68-4D6F-81D4-7F0892B9B5E0}.Release|Any CPU.ActiveCfg = Release|Any CPU
		{F4A8466E-4E68-4D6F-81D4-7F0892B9B5E0}.Release|Any CPU.Build.0 = Release|Any CPU
		{D37C09D8-2F18-4F0B-A4D3-7A12C124E070}.Debug|Any CPU.ActiveCfg = Debug|Any CPU
		{D37C09D8-2F18-4F0B-A4D3-7A12C124E070}.Debug|Any CPU.Build.0 = Debug|Any CPU
		{D37C09D8-2F18-4F0B-A4D3-7A12C124E070}.Release|Any CPU.ActiveCfg = Release|Any CPU
		{D37C09D8-2F18-4F0B-A4D3-7A12C124E070}.Release|Any CPU.Build.0 = Release|Any CPU
		{71962F97-5E4B-465C-9A21-2153D31992CF}.Debug|Any CPU.ActiveCfg = Debug|Any CPU
		{71962F97-5E4B-465C-9A21-2153D31992CF}.Debug|Any CPU.Build.0 = Debug|Any CPU
		{71962F97-5E4B-465C-9A21-2153D31992CF}.Release|Any CPU.ActiveCfg = Release|Any CPU
		{71962F97-5E4B-465C-9A21-2153D31992CF}.Release|Any CPU.Build.0 = Release|Any CPU
		{99E64448-0F7C-4E5B-9373-289EC4B2F256}.Debug|Any CPU.ActiveCfg = Debug|Any CPU
		{99E64448-0F7C-4E5B-9373-289EC4B2F256}.Debug|Any CPU.Build.0 = Debug|Any CPU
		{99E64448-0F7C-4E5B-9373-289EC4B2F256}.Release|Any CPU.ActiveCfg = Release|Any CPU
		{99E64448-0F7C-4E5B-9373-289EC4B2F256}.Release|Any CPU.Build.0 = Release|Any CPU
		{78FC0C9B-C5A9-4900-9A46-A8F544AC5343}.Debug|Any CPU.ActiveCfg = Debug|Any CPU
		{78FC0C9B-C5A9-4900-9A46-A8F544AC5343}.Debug|Any CPU.Build.0 = Debug|Any CPU
		{78FC0C9B-C5A9-4900-9A46-A8F544AC5343}.Release|Any CPU.ActiveCfg = Release|Any CPU
		{78FC0C9B-C5A9-4900-9A46-A8F544AC5343}.Release|Any CPU.Build.0 = Release|Any CPU
		{9003DDA9-1DD5-41A1-B907-6F378767C441}.Debug|Any CPU.ActiveCfg = Debug|Any CPU
		{9003DDA9-1DD5-41A1-B907-6F378767C441}.Debug|Any CPU.Build.0 = Debug|Any CPU
		{9003DDA9-1DD5-41A1-B907-6F378767C441}.Release|Any CPU.ActiveCfg = Release|Any CPU
		{9003DDA9-1DD5-41A1-B907-6F378767C441}.Release|Any CPU.Build.0 = Release|Any CPU
		{613D9120-C28D-4898-ACAA-1A3CFCF0DDD1}.Debug|Any CPU.ActiveCfg = Debug|Any CPU
		{613D9120-C28D-4898-ACAA-1A3CFCF0DDD1}.Debug|Any CPU.Build.0 = Debug|Any CPU
		{613D9120-C28D-4898-ACAA-1A3CFCF0DDD1}.Release|Any CPU.ActiveCfg = Release|Any CPU
		{613D9120-C28D-4898-ACAA-1A3CFCF0DDD1}.Release|Any CPU.Build.0 = Release|Any CPU
		{F554B0EF-ACF4-4F72-B711-EF36559DCE43}.Debug|Any CPU.ActiveCfg = Debug|Any CPU
		{F554B0EF-ACF4-4F72-B711-EF36559DCE43}.Debug|Any CPU.Build.0 = Debug|Any CPU
		{F554B0EF-ACF4-4F72-B711-EF36559DCE43}.Release|Any CPU.ActiveCfg = Release|Any CPU
		{F554B0EF-ACF4-4F72-B711-EF36559DCE43}.Release|Any CPU.Build.0 = Release|Any CPU
		{81D64020-5E36-4344-ACEC-9B218B5246D0}.Debug|Any CPU.ActiveCfg = Debug|Any CPU
		{81D64020-5E36-4344-ACEC-9B218B5246D0}.Debug|Any CPU.Build.0 = Debug|Any CPU
		{81D64020-5E36-4344-ACEC-9B218B5246D0}.Release|Any CPU.ActiveCfg = Release|Any CPU
		{81D64020-5E36-4344-ACEC-9B218B5246D0}.Release|Any CPU.Build.0 = Release|Any CPU
		{A9C87FBF-8C8A-4ABD-A0A8-5F79A9DA6A49}.Debug|Any CPU.ActiveCfg = Debug|Any CPU
		{A9C87FBF-8C8A-4ABD-A0A8-5F79A9DA6A49}.Debug|Any CPU.Build.0 = Debug|Any CPU
		{A9C87FBF-8C8A-4ABD-A0A8-5F79A9DA6A49}.Release|Any CPU.ActiveCfg = Release|Any CPU
		{A9C87FBF-8C8A-4ABD-A0A8-5F79A9DA6A49}.Release|Any CPU.Build.0 = Release|Any CPU
		{040FAC4B-7320-4C94-9555-E82FA13DD921}.Debug|Any CPU.ActiveCfg = Debug|Any CPU
		{040FAC4B-7320-4C94-9555-E82FA13DD921}.Debug|Any CPU.Build.0 = Debug|Any CPU
		{040FAC4B-7320-4C94-9555-E82FA13DD921}.Release|Any CPU.ActiveCfg = Release|Any CPU
		{040FAC4B-7320-4C94-9555-E82FA13DD921}.Release|Any CPU.Build.0 = Release|Any CPU
		{70D916F2-9BFF-43DA-B3F7-3E0655114D48}.Debug|Any CPU.ActiveCfg = Debug|Any CPU
		{70D916F2-9BFF-43DA-B3F7-3E0655114D48}.Debug|Any CPU.Build.0 = Debug|Any CPU
		{70D916F2-9BFF-43DA-B3F7-3E0655114D48}.Release|Any CPU.ActiveCfg = Release|Any CPU
		{70D916F2-9BFF-43DA-B3F7-3E0655114D48}.Release|Any CPU.Build.0 = Release|Any CPU
		{B728E703-345B-4553-A8B0-B28BB6738688}.Debug|Any CPU.ActiveCfg = Debug|Any CPU
		{B728E703-345B-4553-A8B0-B28BB6738688}.Debug|Any CPU.Build.0 = Debug|Any CPU
		{B728E703-345B-4553-A8B0-B28BB6738688}.Release|Any CPU.ActiveCfg = Release|Any CPU
		{B728E703-345B-4553-A8B0-B28BB6738688}.Release|Any CPU.Build.0 = Release|Any CPU
		{587409A2-2470-4CC4-8F81-DB0A2B3E57A5}.Debug|Any CPU.ActiveCfg = Debug|Any CPU
		{587409A2-2470-4CC4-8F81-DB0A2B3E57A5}.Debug|Any CPU.Build.0 = Debug|Any CPU
		{587409A2-2470-4CC4-8F81-DB0A2B3E57A5}.Release|Any CPU.ActiveCfg = Release|Any CPU
		{587409A2-2470-4CC4-8F81-DB0A2B3E57A5}.Release|Any CPU.Build.0 = Release|Any CPU
		{C43A88EE-1537-40BB-8154-4271E6AAD919}.Debug|Any CPU.ActiveCfg = Debug|Any CPU
		{C43A88EE-1537-40BB-8154-4271E6AAD919}.Debug|Any CPU.Build.0 = Debug|Any CPU
		{C43A88EE-1537-40BB-8154-4271E6AAD919}.Release|Any CPU.ActiveCfg = Release|Any CPU
		{C43A88EE-1537-40BB-8154-4271E6AAD919}.Release|Any CPU.Build.0 = Release|Any CPU
		{6C1BB309-3FE8-40A1-A97C-62495CE61AB6}.Debug|Any CPU.ActiveCfg = Debug|Any CPU
		{6C1BB309-3FE8-40A1-A97C-62495CE61AB6}.Debug|Any CPU.Build.0 = Debug|Any CPU
		{6C1BB309-3FE8-40A1-A97C-62495CE61AB6}.Release|Any CPU.ActiveCfg = Release|Any CPU
		{6C1BB309-3FE8-40A1-A97C-62495CE61AB6}.Release|Any CPU.Build.0 = Release|Any CPU
		{30F91B61-4BA1-491A-ABE1-B615C1B97E71}.Debug|Any CPU.ActiveCfg = Debug|Any CPU
		{30F91B61-4BA1-491A-ABE1-B615C1B97E71}.Debug|Any CPU.Build.0 = Debug|Any CPU
		{30F91B61-4BA1-491A-ABE1-B615C1B97E71}.Release|Any CPU.ActiveCfg = Release|Any CPU
		{30F91B61-4BA1-491A-ABE1-B615C1B97E71}.Release|Any CPU.Build.0 = Release|Any CPU
		{2322DD68-034A-44FD-8065-90030BE25C47}.Debug|Any CPU.ActiveCfg = Debug|Any CPU
		{2322DD68-034A-44FD-8065-90030BE25C47}.Debug|Any CPU.Build.0 = Debug|Any CPU
		{2322DD68-034A-44FD-8065-90030BE25C47}.Release|Any CPU.ActiveCfg = Release|Any CPU
		{2322DD68-034A-44FD-8065-90030BE25C47}.Release|Any CPU.Build.0 = Release|Any CPU
		{0CF3083B-364D-42C9-B6F2-552789FB6ED5}.Debug|Any CPU.ActiveCfg = Debug|Any CPU
		{0CF3083B-364D-42C9-B6F2-552789FB6ED5}.Debug|Any CPU.Build.0 = Debug|Any CPU
		{0CF3083B-364D-42C9-B6F2-552789FB6ED5}.Release|Any CPU.ActiveCfg = Release|Any CPU
		{0CF3083B-364D-42C9-B6F2-552789FB6ED5}.Release|Any CPU.Build.0 = Release|Any CPU
		{BE5D25B4-66A7-4A29-BA64-3D00A952BE9E}.Debug|Any CPU.ActiveCfg = Debug|Any CPU
		{BE5D25B4-66A7-4A29-BA64-3D00A952BE9E}.Debug|Any CPU.Build.0 = Debug|Any CPU
		{BE5D25B4-66A7-4A29-BA64-3D00A952BE9E}.Release|Any CPU.ActiveCfg = Release|Any CPU
		{BE5D25B4-66A7-4A29-BA64-3D00A952BE9E}.Release|Any CPU.Build.0 = Release|Any CPU
		{D1E31E85-0F7E-43BC-91E2-F9E544ECEBD5}.Debug|Any CPU.ActiveCfg = Debug|Any CPU
		{D1E31E85-0F7E-43BC-91E2-F9E544ECEBD5}.Debug|Any CPU.Build.0 = Debug|Any CPU
		{D1E31E85-0F7E-43BC-91E2-F9E544ECEBD5}.Release|Any CPU.ActiveCfg = Release|Any CPU
		{D1E31E85-0F7E-43BC-91E2-F9E544ECEBD5}.Release|Any CPU.Build.0 = Release|Any CPU
		{662A3C76-DC6E-425C-B389-23B1040AD2F8}.Debug|Any CPU.ActiveCfg = Debug|Any CPU
		{662A3C76-DC6E-425C-B389-23B1040AD2F8}.Debug|Any CPU.Build.0 = Debug|Any CPU
		{662A3C76-DC6E-425C-B389-23B1040AD2F8}.Release|Any CPU.ActiveCfg = Release|Any CPU
		{662A3C76-DC6E-425C-B389-23B1040AD2F8}.Release|Any CPU.Build.0 = Release|Any CPU
		{C3ACA5F7-6A78-497B-AE25-B0B4F20E5AA2}.Debug|Any CPU.ActiveCfg = Debug|Any CPU
		{C3ACA5F7-6A78-497B-AE25-B0B4F20E5AA2}.Debug|Any CPU.Build.0 = Debug|Any CPU
		{C3ACA5F7-6A78-497B-AE25-B0B4F20E5AA2}.Release|Any CPU.ActiveCfg = Release|Any CPU
		{C3ACA5F7-6A78-497B-AE25-B0B4F20E5AA2}.Release|Any CPU.Build.0 = Release|Any CPU
		{59AA0119-F76E-433F-B9D1-385F51A13A17}.Debug|Any CPU.ActiveCfg = Debug|Any CPU
		{59AA0119-F76E-433F-B9D1-385F51A13A17}.Debug|Any CPU.Build.0 = Debug|Any CPU
		{59AA0119-F76E-433F-B9D1-385F51A13A17}.Release|Any CPU.ActiveCfg = Release|Any CPU
		{59AA0119-F76E-433F-B9D1-385F51A13A17}.Release|Any CPU.Build.0 = Release|Any CPU
		{BB02243D-42E6-4BFE-AC08-7F946DE80F3E}.Debug|Any CPU.ActiveCfg = Debug|Any CPU
		{BB02243D-42E6-4BFE-AC08-7F946DE80F3E}.Debug|Any CPU.Build.0 = Debug|Any CPU
		{BB02243D-42E6-4BFE-AC08-7F946DE80F3E}.Release|Any CPU.ActiveCfg = Release|Any CPU
		{BB02243D-42E6-4BFE-AC08-7F946DE80F3E}.Release|Any CPU.Build.0 = Release|Any CPU
		{28D2E425-BA18-4451-9748-86A8FF596414}.Debug|Any CPU.ActiveCfg = Debug|Any CPU
		{28D2E425-BA18-4451-9748-86A8FF596414}.Debug|Any CPU.Build.0 = Debug|Any CPU
		{28D2E425-BA18-4451-9748-86A8FF596414}.Release|Any CPU.ActiveCfg = Release|Any CPU
		{28D2E425-BA18-4451-9748-86A8FF596414}.Release|Any CPU.Build.0 = Release|Any CPU
		{3C90D572-EA4E-499C-AF95-407BFA8A36B8}.Debug|Any CPU.ActiveCfg = Debug|Any CPU
		{3C90D572-EA4E-499C-AF95-407BFA8A36B8}.Debug|Any CPU.Build.0 = Debug|Any CPU
		{3C90D572-EA4E-499C-AF95-407BFA8A36B8}.Release|Any CPU.ActiveCfg = Release|Any CPU
		{3C90D572-EA4E-499C-AF95-407BFA8A36B8}.Release|Any CPU.Build.0 = Release|Any CPU
		{EDF5D964-4C0F-4F19-B674-58A38A5E5401}.Debug|Any CPU.ActiveCfg = Debug|Any CPU
		{EDF5D964-4C0F-4F19-B674-58A38A5E5401}.Debug|Any CPU.Build.0 = Debug|Any CPU
		{EDF5D964-4C0F-4F19-B674-58A38A5E5401}.Release|Any CPU.ActiveCfg = Release|Any CPU
		{EDF5D964-4C0F-4F19-B674-58A38A5E5401}.Release|Any CPU.Build.0 = Release|Any CPU
		{17298EA0-AF73-4F30-B6F1-2066100D7D74}.Debug|Any CPU.ActiveCfg = Debug|Any CPU
		{17298EA0-AF73-4F30-B6F1-2066100D7D74}.Debug|Any CPU.Build.0 = Debug|Any CPU
		{17298EA0-AF73-4F30-B6F1-2066100D7D74}.Release|Any CPU.ActiveCfg = Release|Any CPU
		{17298EA0-AF73-4F30-B6F1-2066100D7D74}.Release|Any CPU.Build.0 = Release|Any CPU
		{3979F157-DEB0-4878-AB1D-4CEF6B5A1300}.Debug|Any CPU.ActiveCfg = Debug|Any CPU
		{3979F157-DEB0-4878-AB1D-4CEF6B5A1300}.Debug|Any CPU.Build.0 = Debug|Any CPU
		{3979F157-DEB0-4878-AB1D-4CEF6B5A1300}.Release|Any CPU.ActiveCfg = Release|Any CPU
		{3979F157-DEB0-4878-AB1D-4CEF6B5A1300}.Release|Any CPU.Build.0 = Release|Any CPU
		{897F6FD8-6F90-48E4-95A5-B4429B896205}.Debug|Any CPU.ActiveCfg = Debug|Any CPU
		{897F6FD8-6F90-48E4-95A5-B4429B896205}.Debug|Any CPU.Build.0 = Debug|Any CPU
		{897F6FD8-6F90-48E4-95A5-B4429B896205}.Release|Any CPU.ActiveCfg = Release|Any CPU
		{897F6FD8-6F90-48E4-95A5-B4429B896205}.Release|Any CPU.Build.0 = Release|Any CPU
		{5EB52D3D-09FD-463A-B02A-8D9856BD3724}.Debug|Any CPU.ActiveCfg = Debug|Any CPU
		{5EB52D3D-09FD-463A-B02A-8D9856BD3724}.Debug|Any CPU.Build.0 = Debug|Any CPU
		{5EB52D3D-09FD-463A-B02A-8D9856BD3724}.Release|Any CPU.ActiveCfg = Release|Any CPU
		{5EB52D3D-09FD-463A-B02A-8D9856BD3724}.Release|Any CPU.Build.0 = Release|Any CPU
		{7F0AE638-2772-445B-B198-6CF9D7E2C8AC}.Debug|Any CPU.ActiveCfg = Debug|Any CPU
		{7F0AE638-2772-445B-B198-6CF9D7E2C8AC}.Debug|Any CPU.Build.0 = Debug|Any CPU
		{7F0AE638-2772-445B-B198-6CF9D7E2C8AC}.Release|Any CPU.ActiveCfg = Release|Any CPU
		{7F0AE638-2772-445B-B198-6CF9D7E2C8AC}.Release|Any CPU.Build.0 = Release|Any CPU
	EndGlobalSection
	GlobalSection(SolutionProperties) = preSolution
		HideSolutionNode = FALSE
	EndGlobalSection
	GlobalSection(NestedProjects) = preSolution
		{2C221D3B-5F54-4C5B-8082-318636415132} = {AB94139F-9DEC-40F8-AB18-AA0F80CEC989}
		{06EB5F7C-B974-4775-A305-F175D645F7C9} = {AB94139F-9DEC-40F8-AB18-AA0F80CEC989}
		{948F0CAF-3382-4E03-9A0F-0DDB206FE40D} = {AB94139F-9DEC-40F8-AB18-AA0F80CEC989}
		{908717CC-C284-4C88-A13C-32B62674845D} = {AB94139F-9DEC-40F8-AB18-AA0F80CEC989}
		{58A5158C-C78B-4451-BFD8-FFC31D48D713} = {AB94139F-9DEC-40F8-AB18-AA0F80CEC989}
		{4DF45D0E-A50F-4FD0-8B4D-2548B256994F} = {AB94139F-9DEC-40F8-AB18-AA0F80CEC989}
		{B71E5928-F956-480C-B6FF-18B65C013A59} = {AB94139F-9DEC-40F8-AB18-AA0F80CEC989}
		{47853DCA-C058-42F4-B020-E9AC659C9204} = {AB94139F-9DEC-40F8-AB18-AA0F80CEC989}
		{5D471C86-838F-4BDC-AF9F-C95E8FA4E977} = {AB94139F-9DEC-40F8-AB18-AA0F80CEC989}
		{F4A8466E-4E68-4D6F-81D4-7F0892B9B5E0} = {AB94139F-9DEC-40F8-AB18-AA0F80CEC989}
		{D37C09D8-2F18-4F0B-A4D3-7A12C124E070} = {AB94139F-9DEC-40F8-AB18-AA0F80CEC989}
		{71962F97-5E4B-465C-9A21-2153D31992CF} = {AB94139F-9DEC-40F8-AB18-AA0F80CEC989}
		{99E64448-0F7C-4E5B-9373-289EC4B2F256} = {AB94139F-9DEC-40F8-AB18-AA0F80CEC989}
		{78FC0C9B-C5A9-4900-9A46-A8F544AC5343} = {AB94139F-9DEC-40F8-AB18-AA0F80CEC989}
		{9003DDA9-1DD5-41A1-B907-6F378767C441} = {AB94139F-9DEC-40F8-AB18-AA0F80CEC989}
		{613D9120-C28D-4898-ACAA-1A3CFCF0DDD1} = {AB94139F-9DEC-40F8-AB18-AA0F80CEC989}
		{F554B0EF-ACF4-4F72-B711-EF36559DCE43} = {24262FD5-F172-4927-A55B-BDDEBAFB41ED}
		{24262FD5-F172-4927-A55B-BDDEBAFB41ED} = {AB94139F-9DEC-40F8-AB18-AA0F80CEC989}
		{91D086A8-C99D-4A0A-AD83-8B2B15169340} = {24262FD5-F172-4927-A55B-BDDEBAFB41ED}
		{81D64020-5E36-4344-ACEC-9B218B5246D0} = {91D086A8-C99D-4A0A-AD83-8B2B15169340}
		{A9C87FBF-8C8A-4ABD-A0A8-5F79A9DA6A49} = {91D086A8-C99D-4A0A-AD83-8B2B15169340}
		{040FAC4B-7320-4C94-9555-E82FA13DD921} = {91D086A8-C99D-4A0A-AD83-8B2B15169340}
		{70D916F2-9BFF-43DA-B3F7-3E0655114D48} = {EDFEA387-F5F2-4174-89FC-4B849C0915D8}
		{B728E703-345B-4553-A8B0-B28BB6738688} = {EDFEA387-F5F2-4174-89FC-4B849C0915D8}
		{587409A2-2470-4CC4-8F81-DB0A2B3E57A5} = {EDFEA387-F5F2-4174-89FC-4B849C0915D8}
		{C43A88EE-1537-40BB-8154-4271E6AAD919} = {EDFEA387-F5F2-4174-89FC-4B849C0915D8}
		{6C1BB309-3FE8-40A1-A97C-62495CE61AB6} = {663E59E4-52AD-4511-B302-BA411225B0A8}
		{30F91B61-4BA1-491A-ABE1-B615C1B97E71} = {663E59E4-52AD-4511-B302-BA411225B0A8}
		{2322DD68-034A-44FD-8065-90030BE25C47} = {663E59E4-52AD-4511-B302-BA411225B0A8}
		{0CF3083B-364D-42C9-B6F2-552789FB6ED5} = {663E59E4-52AD-4511-B302-BA411225B0A8}
		{BE5D25B4-66A7-4A29-BA64-3D00A952BE9E} = {663E59E4-52AD-4511-B302-BA411225B0A8}
		{D1E31E85-0F7E-43BC-91E2-F9E544ECEBD5} = {663E59E4-52AD-4511-B302-BA411225B0A8}
		{662A3C76-DC6E-425C-B389-23B1040AD2F8} = {663E59E4-52AD-4511-B302-BA411225B0A8}
		{C3ACA5F7-6A78-497B-AE25-B0B4F20E5AA2} = {663E59E4-52AD-4511-B302-BA411225B0A8}
		{59AA0119-F76E-433F-B9D1-385F51A13A17} = {663E59E4-52AD-4511-B302-BA411225B0A8}
		{BB02243D-42E6-4BFE-AC08-7F946DE80F3E} = {663E59E4-52AD-4511-B302-BA411225B0A8}
		{28D2E425-BA18-4451-9748-86A8FF596414} = {663E59E4-52AD-4511-B302-BA411225B0A8}
		{3C90D572-EA4E-499C-AF95-407BFA8A36B8} = {663E59E4-52AD-4511-B302-BA411225B0A8}
		{EDF5D964-4C0F-4F19-B674-58A38A5E5401} = {F7570DE8-F5F5-4DA0-A0A5-78D811BA3D41}
		{17298EA0-AF73-4F30-B6F1-2066100D7D74} = {F7570DE8-F5F5-4DA0-A0A5-78D811BA3D41}
		{3979F157-DEB0-4878-AB1D-4CEF6B5A1300} = {F7570DE8-F5F5-4DA0-A0A5-78D811BA3D41}
		{897F6FD8-6F90-48E4-95A5-B4429B896205} = {F7570DE8-F5F5-4DA0-A0A5-78D811BA3D41}
		{5EB52D3D-09FD-463A-B02A-8D9856BD3724} = {F7570DE8-F5F5-4DA0-A0A5-78D811BA3D41}
		{7F0AE638-2772-445B-B198-6CF9D7E2C8AC} = {663E59E4-52AD-4511-B302-BA411225B0A8}
	EndGlobalSection
EndGlobal
